
Microsoft Visual Studio Solution File, Format Version 12.00
# Visual Studio 14
VisualStudioVersion = 14.0.24720.0
MinimumVisualStudioVersion = 10.0.40219.1
Project("{FAE04EC0-301F-11D3-BF4B-00C04F79EFBC}") = "Exercise 1", "Exercise 1\Exercise 1.csproj", "{473CFF2D-C612-4F9C-942D-617617738573}"
EndProject
Project("{FAE04EC0-301F-11D3-BF4B-00C04F79EFBC}") = "Exercise2", "Exercise2\Exercise2.csproj", "{A589CD47-F49E-4654-95F7-52241793B7D1}"
EndProject
Project("{FAE04EC0-301F-11D3-BF4B-00C04F79EFBC}") = "Exercize3b", "Exercize3a\Exercize3b.csproj", "{0995C460-9055-421A-9F3D-1ABAB4FBAD57}"
EndProject
Project("{FAE04EC0-301F-11D3-BF4B-00C04F79EFBC}") = "Exercize 3", "Exercize 3\Exercize 3.csproj", "{01E5657C-EF51-44C5-9BB3-702004A9B566}"
EndProject
Project("{FAE04EC0-301F-11D3-BF4B-00C04F79EFBC}") = "ExercizeC", "ExercizeC\ExercizeC.csproj", "{846DBB67-4AFD-4079-A4A8-5FD1C621A07D}"
EndProject
Project("{FAE04EC0-301F-11D3-BF4B-00C04F79EFBC}") = "Exercize 3aA", "Exercize 3aA\Exercize 3aA.csproj", "{80D70F7A-A6D3-42F5-B6F2-9B5CDE0C49EB}"
EndProject
Project("{FAE04EC0-301F-11D3-BF4B-00C04F79EFBC}") = "Exercize5", "Exercize5\Exercize5.csproj", "{E997FE42-C5FF-471E-B664-EFF40FC08088}"
EndProject
Project("{FAE04EC0-301F-11D3-BF4B-00C04F79EFBC}") = "MyAtm", "MyAtm\MyAtm.csproj", "{F7BCA50D-208B-4E4B-AAC5-412DBE86B764}"
EndProject
Project("{FAE04EC0-301F-11D3-BF4B-00C04F79EFBC}") = "Exercize8", "Exercize8\Exercize8.csproj", "{FA68701B-D68B-41D2-A2FD-9EEFF892942A}"
EndProject
Project("{FAE04EC0-301F-11D3-BF4B-00C04F79EFBC}") = "Visade av Lärare", "Visade av Lärare\Visade av Lärare.csproj", "{B95824D9-C949-4326-9AB3-1E121EDAA260}"
EndProject
Project("{FAE04EC0-301F-11D3-BF4B-00C04F79EFBC}") = "Extra Exercize1", "Extra Exercize1\Extra Exercize1.csproj", "{7D02F4F8-42FA-4066-941A-6EC17142E889}"
EndProject
Project("{FAE04EC0-301F-11D3-BF4B-00C04F79EFBC}") = "Exercize9", "Exercize9\Exercize9.csproj", "{A4EA3CCE-109C-42AF-88CE-A2CA67117B53}"
EndProject
Project("{2150E333-8FDC-42A3-9474-1A3956D46DE8}") = "Solution Items", "Solution Items", "{BA4FC072-35D3-4E67-8BBE-0DFE5EC5E2BB}"
	ProjectSection(SolutionItems) = preProject
		Exercize5\Employee.cs = Exercize5\Employee.cs
		Exercize8\Logger.cs = Exercize8\Logger.cs
	EndProjectSection
EndProject
Project("{FAE04EC0-301F-11D3-BF4B-00C04F79EFBC}") = "Tjena1", "..\..\..\..\Documents\GitHub\my-first-git\Tjena1\Tjena1.csproj", "{F0B729A1-4053-40D2-BA73-99B65027DEFD}"
EndProject
Project("{FAE04EC0-301F-11D3-BF4B-00C04F79EFBC}") = "Library", "Library\Library.csproj", "{805BB1B8-10BD-4B06-87C9-D59E1F3CDEE0}"
EndProject
Project("{FAE04EC0-301F-11D3-BF4B-00C04F79EFBC}") = "Exercize 10", "Exercize 10\Exercize 10.csproj", "{AF58CA4F-4A6C-4BC9-9559-413F0746F712}"
EndProject
Project("{FAE04EC0-301F-11D3-BF4B-00C04F79EFBC}") = "Exercize11", "Exercize11\Exercize11.csproj", "{7069DFBD-A748-404D-AEA3-5C3041E692AA}"
EndProject
Project("{FAE04EC0-301F-11D3-BF4B-00C04F79EFBC}") = "Extra Exercize2", "Extra Exercize2\Extra Exercize2.csproj", "{23B4D645-39D3-4FB9-B6D1-38A75E0891D0}"
EndProject
Project("{FAE04EC0-301F-11D3-BF4B-00C04F79EFBC}") = "ExtraExercize2.1", "ExtraExercize2.1\ExtraExercize2.1.csproj", "{80C72530-E7DC-471F-AEFC-1437C27E9F1A}"
EndProject
Project("{FAE04EC0-301F-11D3-BF4B-00C04F79EFBC}") = "VirtuelMetod", "VirtuelMetod\VirtuelMetod.csproj", "{8BE624BC-923C-48C7-8B3F-43E33B87248C}"
EndProject
Project("{FAE04EC0-301F-11D3-BF4B-00C04F79EFBC}") = "Interface", "Interface\Interface.csproj", "{02C793BD-F813-4E60-9136-96FA1836359A}"
EndProject
Project("{FAE04EC0-301F-11D3-BF4B-00C04F79EFBC}") = "Exercize12", "Exercize12\Exercize12.csproj", "{47FE2AAD-BD8A-4F59-92DD-CA3290BF48FB}"
EndProject
Project("{FAE04EC0-301F-11D3-BF4B-00C04F79EFBC}") = "Exercize13", "Exercize13\Exercize13.csproj", "{E3133A4E-F665-4F86-A3CA-ABE1FA8B1971}"
EndProject
Project("{FAE04EC0-301F-11D3-BF4B-00C04F79EFBC}") = "Game of Life1", "Game of Life1\Game of Life1.csproj", "{8A6F6483-9DC2-4AAB-B153-D5DE81C7E977}"
EndProject
Project("{FAE04EC0-301F-11D3-BF4B-00C04F79EFBC}") = "Familj1", "Familj1\Familj1.csproj", "{717E645D-CA31-474E-9E84-4C18E8F6D9E4}"
EndProject
Project("{FAE04EC0-301F-11D3-BF4B-00C04F79EFBC}") = "Override1", "Override1\Override1.csproj", "{B64BDF04-BC70-4636-89DC-AE43F2372131}"
EndProject
Project("{FAE04EC0-301F-11D3-BF4B-00C04F79EFBC}") = "Exercize15", "Exercize15\Exercize15.csproj", "{7AC58123-DBB1-4D4D-A7EA-2B1053C67E8D}"
EndProject
Project("{FAE04EC0-301F-11D3-BF4B-00C04F79EFBC}") = "Dictionary översättning", "Dictionary översättning\Dictionary översättning.csproj", "{82AE30D8-60F0-435A-B23D-1DF3161C17FF}"
EndProject
Project("{FAE04EC0-301F-11D3-BF4B-00C04F79EFBC}") = "Datetime", "Datetime\Datetime.csproj", "{57903F31-DA53-49BE-BB9F-5729A97235A7}"
EndProject
Project("{FAE04EC0-301F-11D3-BF4B-00C04F79EFBC}") = "Exercize18", "Exercize18\Exercize18.csproj", "{6BEAB53A-128B-4E25-BB0E-8AB11087CC53}"
EndProject
Project("{FAE04EC0-301F-11D3-BF4B-00C04F79EFBC}") = "Exercize22", "Exercize22\Exercize22.csproj", "{EBEAFBD9-A11F-4998-B837-B0E496375973}"
EndProject
Project("{FAE04EC0-301F-11D3-BF4B-00C04F79EFBC}") = "Exercize23", "Exercize23\Exercize23.csproj", "{1CB32321-8B20-44CC-BA30-D4E59838D98D}"
EndProject
Project("{FAE04EC0-301F-11D3-BF4B-00C04F79EFBC}") = "Exercize23b", "Exercize23b\Exercize23b.csproj", "{949EFEAA-CA05-42F8-9C07-FB059CE8CD6B}"
EndProject
Project("{FAE04EC0-301F-11D3-BF4B-00C04F79EFBC}") = "NullableeEx", "NullableeEx\NullableeEx.csproj", "{6A03E52F-F521-495E-8654-E1023C764D95}"
EndProject
Project("{FAE04EC0-301F-11D3-BF4B-00C04F79EFBC}") = "Enum", "Enum\Enum.csproj", "{4D082512-B6A9-45C4-827B-F27478C810D6}"
EndProject
Project("{FAE04EC0-301F-11D3-BF4B-00C04F79EFBC}") = "Exercize24", "Exercize24\Exercize24.csproj", "{D8D3AC6B-3085-4A6B-8CC6-8F011B2A3377}"
EndProject
Project("{FAE04EC0-301F-11D3-BF4B-00C04F79EFBC}") = "Process Enum", "Process Enum\Process Enum.csproj", "{93373C3F-4DE3-4887-AA43-A81C71E7B90A}"
EndProject
Project("{FAE04EC0-301F-11D3-BF4B-00C04F79EFBC}") = "Exercize 25", "Exercize 25\Exercize 25.csproj", "{2644B3B3-D35E-4BF4-9F27-518497350A2C}"
EndProject
Project("{FAE04EC0-301F-11D3-BF4B-00C04F79EFBC}") = "tryOnEx25", "tryOnEx25\tryOnEx25.csproj", "{EC455F0F-FAE5-4FEB-9EA7-C2CB6B72A1D3}"
EndProject
Project("{FAE04EC0-301F-11D3-BF4B-00C04F79EFBC}") = "Exercize 20", "Exercize 20\Exercize 20.csproj", "{9434985E-16E2-497F-8050-5BE9D9BA0EE8}"
EndProject
Project("{FAE04EC0-301F-11D3-BF4B-00C04F79EFBC}") = "Försök20", "Försök20\Försök20.csproj", "{0F6F2B08-0351-4895-A3FF-6FE3770F1E98}"
EndProject
Project("{FAE04EC0-301F-11D3-BF4B-00C04F79EFBC}") = "Exercize 21", "Exercize 21\Exercize 21.csproj", "{AC66F7A4-0FBA-4690-ABA8-4F500A4698CE}"
EndProject
Project("{FAE04EC0-301F-11D3-BF4B-00C04F79EFBC}") = "Static1", "Static1\Static1.csproj", "{915A124C-2A36-43A3-BA27-56EEF7BB67C8}"
EndProject
Project("{FAE04EC0-301F-11D3-BF4B-00C04F79EFBC}") = "Exercize26", "Exercize26\Exercize26.csproj", "{F8825439-32B9-40C6-A23D-AFE6D7B255F6}"
EndProject
Project("{FAE04EC0-301F-11D3-BF4B-00C04F79EFBC}") = "Exerccize32", "Exerccize32\Exerccize32.csproj", "{8063CB72-6F97-4DC2-8530-F987514381A8}"
EndProject
Project("{FAE04EC0-301F-11D3-BF4B-00C04F79EFBC}") = "Exercize16", "Exercize16\Exercize16.csproj", "{7DB5564E-F298-4614-A00B-21312CF33125}"
EndProject
Global
	GlobalSection(SolutionConfigurationPlatforms) = preSolution
		Debug|Any CPU = Debug|Any CPU
		Release|Any CPU = Release|Any CPU
	EndGlobalSection
	GlobalSection(ProjectConfigurationPlatforms) = postSolution
		{473CFF2D-C612-4F9C-942D-617617738573}.Debug|Any CPU.ActiveCfg = Debug|Any CPU
		{473CFF2D-C612-4F9C-942D-617617738573}.Debug|Any CPU.Build.0 = Debug|Any CPU
		{473CFF2D-C612-4F9C-942D-617617738573}.Release|Any CPU.ActiveCfg = Release|Any CPU
		{473CFF2D-C612-4F9C-942D-617617738573}.Release|Any CPU.Build.0 = Release|Any CPU
		{A589CD47-F49E-4654-95F7-52241793B7D1}.Debug|Any CPU.ActiveCfg = Debug|Any CPU
		{A589CD47-F49E-4654-95F7-52241793B7D1}.Debug|Any CPU.Build.0 = Debug|Any CPU
		{A589CD47-F49E-4654-95F7-52241793B7D1}.Release|Any CPU.ActiveCfg = Release|Any CPU
		{A589CD47-F49E-4654-95F7-52241793B7D1}.Release|Any CPU.Build.0 = Release|Any CPU
		{0995C460-9055-421A-9F3D-1ABAB4FBAD57}.Debug|Any CPU.ActiveCfg = Debug|Any CPU
		{0995C460-9055-421A-9F3D-1ABAB4FBAD57}.Debug|Any CPU.Build.0 = Debug|Any CPU
		{0995C460-9055-421A-9F3D-1ABAB4FBAD57}.Release|Any CPU.ActiveCfg = Release|Any CPU
		{0995C460-9055-421A-9F3D-1ABAB4FBAD57}.Release|Any CPU.Build.0 = Release|Any CPU
		{01E5657C-EF51-44C5-9BB3-702004A9B566}.Debug|Any CPU.ActiveCfg = Debug|Any CPU
		{01E5657C-EF51-44C5-9BB3-702004A9B566}.Debug|Any CPU.Build.0 = Debug|Any CPU
		{01E5657C-EF51-44C5-9BB3-702004A9B566}.Release|Any CPU.ActiveCfg = Release|Any CPU
		{01E5657C-EF51-44C5-9BB3-702004A9B566}.Release|Any CPU.Build.0 = Release|Any CPU
		{846DBB67-4AFD-4079-A4A8-5FD1C621A07D}.Debug|Any CPU.ActiveCfg = Debug|Any CPU
		{846DBB67-4AFD-4079-A4A8-5FD1C621A07D}.Debug|Any CPU.Build.0 = Debug|Any CPU
		{846DBB67-4AFD-4079-A4A8-5FD1C621A07D}.Release|Any CPU.ActiveCfg = Release|Any CPU
		{846DBB67-4AFD-4079-A4A8-5FD1C621A07D}.Release|Any CPU.Build.0 = Release|Any CPU
		{80D70F7A-A6D3-42F5-B6F2-9B5CDE0C49EB}.Debug|Any CPU.ActiveCfg = Debug|Any CPU
		{80D70F7A-A6D3-42F5-B6F2-9B5CDE0C49EB}.Debug|Any CPU.Build.0 = Debug|Any CPU
		{80D70F7A-A6D3-42F5-B6F2-9B5CDE0C49EB}.Release|Any CPU.ActiveCfg = Release|Any CPU
		{80D70F7A-A6D3-42F5-B6F2-9B5CDE0C49EB}.Release|Any CPU.Build.0 = Release|Any CPU
		{E997FE42-C5FF-471E-B664-EFF40FC08088}.Debug|Any CPU.ActiveCfg = Debug|Any CPU
		{E997FE42-C5FF-471E-B664-EFF40FC08088}.Debug|Any CPU.Build.0 = Debug|Any CPU
		{E997FE42-C5FF-471E-B664-EFF40FC08088}.Release|Any CPU.ActiveCfg = Release|Any CPU
		{E997FE42-C5FF-471E-B664-EFF40FC08088}.Release|Any CPU.Build.0 = Release|Any CPU
		{F7BCA50D-208B-4E4B-AAC5-412DBE86B764}.Debug|Any CPU.ActiveCfg = Debug|Any CPU
		{F7BCA50D-208B-4E4B-AAC5-412DBE86B764}.Debug|Any CPU.Build.0 = Debug|Any CPU
		{F7BCA50D-208B-4E4B-AAC5-412DBE86B764}.Release|Any CPU.ActiveCfg = Release|Any CPU
		{F7BCA50D-208B-4E4B-AAC5-412DBE86B764}.Release|Any CPU.Build.0 = Release|Any CPU
		{FA68701B-D68B-41D2-A2FD-9EEFF892942A}.Debug|Any CPU.ActiveCfg = Debug|Any CPU
		{FA68701B-D68B-41D2-A2FD-9EEFF892942A}.Debug|Any CPU.Build.0 = Debug|Any CPU
		{FA68701B-D68B-41D2-A2FD-9EEFF892942A}.Release|Any CPU.ActiveCfg = Release|Any CPU
		{FA68701B-D68B-41D2-A2FD-9EEFF892942A}.Release|Any CPU.Build.0 = Release|Any CPU
		{B95824D9-C949-4326-9AB3-1E121EDAA260}.Debug|Any CPU.ActiveCfg = Debug|Any CPU
		{B95824D9-C949-4326-9AB3-1E121EDAA260}.Debug|Any CPU.Build.0 = Debug|Any CPU
		{B95824D9-C949-4326-9AB3-1E121EDAA260}.Release|Any CPU.ActiveCfg = Release|Any CPU
		{B95824D9-C949-4326-9AB3-1E121EDAA260}.Release|Any CPU.Build.0 = Release|Any CPU
		{7D02F4F8-42FA-4066-941A-6EC17142E889}.Debug|Any CPU.ActiveCfg = Debug|Any CPU
		{7D02F4F8-42FA-4066-941A-6EC17142E889}.Debug|Any CPU.Build.0 = Debug|Any CPU
		{7D02F4F8-42FA-4066-941A-6EC17142E889}.Release|Any CPU.ActiveCfg = Release|Any CPU
		{7D02F4F8-42FA-4066-941A-6EC17142E889}.Release|Any CPU.Build.0 = Release|Any CPU
		{A4EA3CCE-109C-42AF-88CE-A2CA67117B53}.Debug|Any CPU.ActiveCfg = Debug|Any CPU
		{A4EA3CCE-109C-42AF-88CE-A2CA67117B53}.Debug|Any CPU.Build.0 = Debug|Any CPU
		{A4EA3CCE-109C-42AF-88CE-A2CA67117B53}.Release|Any CPU.ActiveCfg = Release|Any CPU
		{A4EA3CCE-109C-42AF-88CE-A2CA67117B53}.Release|Any CPU.Build.0 = Release|Any CPU
		{F0B729A1-4053-40D2-BA73-99B65027DEFD}.Debug|Any CPU.ActiveCfg = Debug|Any CPU
		{F0B729A1-4053-40D2-BA73-99B65027DEFD}.Debug|Any CPU.Build.0 = Debug|Any CPU
		{F0B729A1-4053-40D2-BA73-99B65027DEFD}.Release|Any CPU.ActiveCfg = Release|Any CPU
		{F0B729A1-4053-40D2-BA73-99B65027DEFD}.Release|Any CPU.Build.0 = Release|Any CPU
		{805BB1B8-10BD-4B06-87C9-D59E1F3CDEE0}.Debug|Any CPU.ActiveCfg = Debug|Any CPU
		{805BB1B8-10BD-4B06-87C9-D59E1F3CDEE0}.Debug|Any CPU.Build.0 = Debug|Any CPU
		{805BB1B8-10BD-4B06-87C9-D59E1F3CDEE0}.Release|Any CPU.ActiveCfg = Release|Any CPU
		{805BB1B8-10BD-4B06-87C9-D59E1F3CDEE0}.Release|Any CPU.Build.0 = Release|Any CPU
		{AF58CA4F-4A6C-4BC9-9559-413F0746F712}.Debug|Any CPU.ActiveCfg = Debug|Any CPU
		{AF58CA4F-4A6C-4BC9-9559-413F0746F712}.Debug|Any CPU.Build.0 = Debug|Any CPU
		{AF58CA4F-4A6C-4BC9-9559-413F0746F712}.Release|Any CPU.ActiveCfg = Release|Any CPU
		{AF58CA4F-4A6C-4BC9-9559-413F0746F712}.Release|Any CPU.Build.0 = Release|Any CPU
		{7069DFBD-A748-404D-AEA3-5C3041E692AA}.Debug|Any CPU.ActiveCfg = Debug|Any CPU
		{7069DFBD-A748-404D-AEA3-5C3041E692AA}.Debug|Any CPU.Build.0 = Debug|Any CPU
		{7069DFBD-A748-404D-AEA3-5C3041E692AA}.Release|Any CPU.ActiveCfg = Release|Any CPU
		{7069DFBD-A748-404D-AEA3-5C3041E692AA}.Release|Any CPU.Build.0 = Release|Any CPU
		{23B4D645-39D3-4FB9-B6D1-38A75E0891D0}.Debug|Any CPU.ActiveCfg = Debug|Any CPU
		{23B4D645-39D3-4FB9-B6D1-38A75E0891D0}.Debug|Any CPU.Build.0 = Debug|Any CPU
		{23B4D645-39D3-4FB9-B6D1-38A75E0891D0}.Release|Any CPU.ActiveCfg = Release|Any CPU
		{23B4D645-39D3-4FB9-B6D1-38A75E0891D0}.Release|Any CPU.Build.0 = Release|Any CPU
		{80C72530-E7DC-471F-AEFC-1437C27E9F1A}.Debug|Any CPU.ActiveCfg = Debug|Any CPU
		{80C72530-E7DC-471F-AEFC-1437C27E9F1A}.Debug|Any CPU.Build.0 = Debug|Any CPU
		{80C72530-E7DC-471F-AEFC-1437C27E9F1A}.Release|Any CPU.ActiveCfg = Release|Any CPU
		{80C72530-E7DC-471F-AEFC-1437C27E9F1A}.Release|Any CPU.Build.0 = Release|Any CPU
		{8BE624BC-923C-48C7-8B3F-43E33B87248C}.Debug|Any CPU.ActiveCfg = Debug|Any CPU
		{8BE624BC-923C-48C7-8B3F-43E33B87248C}.Debug|Any CPU.Build.0 = Debug|Any CPU
		{8BE624BC-923C-48C7-8B3F-43E33B87248C}.Release|Any CPU.ActiveCfg = Release|Any CPU
		{8BE624BC-923C-48C7-8B3F-43E33B87248C}.Release|Any CPU.Build.0 = Release|Any CPU
		{02C793BD-F813-4E60-9136-96FA1836359A}.Debug|Any CPU.ActiveCfg = Debug|Any CPU
		{02C793BD-F813-4E60-9136-96FA1836359A}.Debug|Any CPU.Build.0 = Debug|Any CPU
		{02C793BD-F813-4E60-9136-96FA1836359A}.Release|Any CPU.ActiveCfg = Release|Any CPU
		{02C793BD-F813-4E60-9136-96FA1836359A}.Release|Any CPU.Build.0 = Release|Any CPU
		{47FE2AAD-BD8A-4F59-92DD-CA3290BF48FB}.Debug|Any CPU.ActiveCfg = Debug|Any CPU
		{47FE2AAD-BD8A-4F59-92DD-CA3290BF48FB}.Debug|Any CPU.Build.0 = Debug|Any CPU
		{47FE2AAD-BD8A-4F59-92DD-CA3290BF48FB}.Release|Any CPU.ActiveCfg = Release|Any CPU
		{47FE2AAD-BD8A-4F59-92DD-CA3290BF48FB}.Release|Any CPU.Build.0 = Release|Any CPU
		{E3133A4E-F665-4F86-A3CA-ABE1FA8B1971}.Debug|Any CPU.ActiveCfg = Debug|Any CPU
		{E3133A4E-F665-4F86-A3CA-ABE1FA8B1971}.Debug|Any CPU.Build.0 = Debug|Any CPU
		{E3133A4E-F665-4F86-A3CA-ABE1FA8B1971}.Release|Any CPU.ActiveCfg = Release|Any CPU
		{E3133A4E-F665-4F86-A3CA-ABE1FA8B1971}.Release|Any CPU.Build.0 = Release|Any CPU
		{8A6F6483-9DC2-4AAB-B153-D5DE81C7E977}.Debug|Any CPU.ActiveCfg = Debug|Any CPU
		{8A6F6483-9DC2-4AAB-B153-D5DE81C7E977}.Debug|Any CPU.Build.0 = Debug|Any CPU
		{8A6F6483-9DC2-4AAB-B153-D5DE81C7E977}.Release|Any CPU.ActiveCfg = Release|Any CPU
		{8A6F6483-9DC2-4AAB-B153-D5DE81C7E977}.Release|Any CPU.Build.0 = Release|Any CPU
		{717E645D-CA31-474E-9E84-4C18E8F6D9E4}.Debug|Any CPU.ActiveCfg = Debug|Any CPU
		{717E645D-CA31-474E-9E84-4C18E8F6D9E4}.Debug|Any CPU.Build.0 = Debug|Any CPU
		{717E645D-CA31-474E-9E84-4C18E8F6D9E4}.Release|Any CPU.ActiveCfg = Release|Any CPU
		{717E645D-CA31-474E-9E84-4C18E8F6D9E4}.Release|Any CPU.Build.0 = Release|Any CPU
		{B64BDF04-BC70-4636-89DC-AE43F2372131}.Debug|Any CPU.ActiveCfg = Debug|Any CPU
		{B64BDF04-BC70-4636-89DC-AE43F2372131}.Debug|Any CPU.Build.0 = Debug|Any CPU
		{B64BDF04-BC70-4636-89DC-AE43F2372131}.Release|Any CPU.ActiveCfg = Release|Any CPU
		{B64BDF04-BC70-4636-89DC-AE43F2372131}.Release|Any CPU.Build.0 = Release|Any CPU
		{7AC58123-DBB1-4D4D-A7EA-2B1053C67E8D}.Debug|Any CPU.ActiveCfg = Debug|Any CPU
		{7AC58123-DBB1-4D4D-A7EA-2B1053C67E8D}.Debug|Any CPU.Build.0 = Debug|Any CPU
		{7AC58123-DBB1-4D4D-A7EA-2B1053C67E8D}.Release|Any CPU.ActiveCfg = Release|Any CPU
		{7AC58123-DBB1-4D4D-A7EA-2B1053C67E8D}.Release|Any CPU.Build.0 = Release|Any CPU
		{82AE30D8-60F0-435A-B23D-1DF3161C17FF}.Debug|Any CPU.ActiveCfg = Debug|Any CPU
		{82AE30D8-60F0-435A-B23D-1DF3161C17FF}.Debug|Any CPU.Build.0 = Debug|Any CPU
		{82AE30D8-60F0-435A-B23D-1DF3161C17FF}.Release|Any CPU.ActiveCfg = Release|Any CPU
		{82AE30D8-60F0-435A-B23D-1DF3161C17FF}.Release|Any CPU.Build.0 = Release|Any CPU
		{57903F31-DA53-49BE-BB9F-5729A97235A7}.Debug|Any CPU.ActiveCfg = Debug|Any CPU
		{57903F31-DA53-49BE-BB9F-5729A97235A7}.Debug|Any CPU.Build.0 = Debug|Any CPU
		{57903F31-DA53-49BE-BB9F-5729A97235A7}.Release|Any CPU.ActiveCfg = Release|Any CPU
		{57903F31-DA53-49BE-BB9F-5729A97235A7}.Release|Any CPU.Build.0 = Release|Any CPU
		{6BEAB53A-128B-4E25-BB0E-8AB11087CC53}.Debug|Any CPU.ActiveCfg = Debug|Any CPU
		{6BEAB53A-128B-4E25-BB0E-8AB11087CC53}.Debug|Any CPU.Build.0 = Debug|Any CPU
		{6BEAB53A-128B-4E25-BB0E-8AB11087CC53}.Release|Any CPU.ActiveCfg = Release|Any CPU
		{6BEAB53A-128B-4E25-BB0E-8AB11087CC53}.Release|Any CPU.Build.0 = Release|Any CPU
		{EBEAFBD9-A11F-4998-B837-B0E496375973}.Debug|Any CPU.ActiveCfg = Debug|Any CPU
		{EBEAFBD9-A11F-4998-B837-B0E496375973}.Debug|Any CPU.Build.0 = Debug|Any CPU
		{EBEAFBD9-A11F-4998-B837-B0E496375973}.Release|Any CPU.ActiveCfg = Release|Any CPU
		{EBEAFBD9-A11F-4998-B837-B0E496375973}.Release|Any CPU.Build.0 = Release|Any CPU
		{1CB32321-8B20-44CC-BA30-D4E59838D98D}.Debug|Any CPU.ActiveCfg = Debug|Any CPU
		{1CB32321-8B20-44CC-BA30-D4E59838D98D}.Debug|Any CPU.Build.0 = Debug|Any CPU
		{1CB32321-8B20-44CC-BA30-D4E59838D98D}.Release|Any CPU.ActiveCfg = Release|Any CPU
		{1CB32321-8B20-44CC-BA30-D4E59838D98D}.Release|Any CPU.Build.0 = Release|Any CPU
		{949EFEAA-CA05-42F8-9C07-FB059CE8CD6B}.Debug|Any CPU.ActiveCfg = Debug|Any CPU
		{949EFEAA-CA05-42F8-9C07-FB059CE8CD6B}.Debug|Any CPU.Build.0 = Debug|Any CPU
		{949EFEAA-CA05-42F8-9C07-FB059CE8CD6B}.Release|Any CPU.ActiveCfg = Release|Any CPU
		{949EFEAA-CA05-42F8-9C07-FB059CE8CD6B}.Release|Any CPU.Build.0 = Release|Any CPU
		{6A03E52F-F521-495E-8654-E1023C764D95}.Debug|Any CPU.ActiveCfg = Debug|Any CPU
		{6A03E52F-F521-495E-8654-E1023C764D95}.Debug|Any CPU.Build.0 = Debug|Any CPU
		{6A03E52F-F521-495E-8654-E1023C764D95}.Release|Any CPU.ActiveCfg = Release|Any CPU
		{6A03E52F-F521-495E-8654-E1023C764D95}.Release|Any CPU.Build.0 = Release|Any CPU
		{4D082512-B6A9-45C4-827B-F27478C810D6}.Debug|Any CPU.ActiveCfg = Debug|Any CPU
		{4D082512-B6A9-45C4-827B-F27478C810D6}.Debug|Any CPU.Build.0 = Debug|Any CPU
		{4D082512-B6A9-45C4-827B-F27478C810D6}.Release|Any CPU.ActiveCfg = Release|Any CPU
		{4D082512-B6A9-45C4-827B-F27478C810D6}.Release|Any CPU.Build.0 = Release|Any CPU
		{D8D3AC6B-3085-4A6B-8CC6-8F011B2A3377}.Debug|Any CPU.ActiveCfg = Debug|Any CPU
		{D8D3AC6B-3085-4A6B-8CC6-8F011B2A3377}.Debug|Any CPU.Build.0 = Debug|Any CPU
		{D8D3AC6B-3085-4A6B-8CC6-8F011B2A3377}.Release|Any CPU.ActiveCfg = Release|Any CPU
		{D8D3AC6B-3085-4A6B-8CC6-8F011B2A3377}.Release|Any CPU.Build.0 = Release|Any CPU
		{93373C3F-4DE3-4887-AA43-A81C71E7B90A}.Debug|Any CPU.ActiveCfg = Debug|Any CPU
		{93373C3F-4DE3-4887-AA43-A81C71E7B90A}.Debug|Any CPU.Build.0 = Debug|Any CPU
		{93373C3F-4DE3-4887-AA43-A81C71E7B90A}.Release|Any CPU.ActiveCfg = Release|Any CPU
		{93373C3F-4DE3-4887-AA43-A81C71E7B90A}.Release|Any CPU.Build.0 = Release|Any CPU
		{2644B3B3-D35E-4BF4-9F27-518497350A2C}.Debug|Any CPU.ActiveCfg = Debug|Any CPU
		{2644B3B3-D35E-4BF4-9F27-518497350A2C}.Debug|Any CPU.Build.0 = Debug|Any CPU
		{2644B3B3-D35E-4BF4-9F27-518497350A2C}.Release|Any CPU.ActiveCfg = Release|Any CPU
		{2644B3B3-D35E-4BF4-9F27-518497350A2C}.Release|Any CPU.Build.0 = Release|Any CPU
		{EC455F0F-FAE5-4FEB-9EA7-C2CB6B72A1D3}.Debug|Any CPU.ActiveCfg = Debug|Any CPU
		{EC455F0F-FAE5-4FEB-9EA7-C2CB6B72A1D3}.Debug|Any CPU.Build.0 = Debug|Any CPU
		{EC455F0F-FAE5-4FEB-9EA7-C2CB6B72A1D3}.Release|Any CPU.ActiveCfg = Release|Any CPU
		{EC455F0F-FAE5-4FEB-9EA7-C2CB6B72A1D3}.Release|Any CPU.Build.0 = Release|Any CPU
		{9434985E-16E2-497F-8050-5BE9D9BA0EE8}.Debug|Any CPU.ActiveCfg = Debug|Any CPU
		{9434985E-16E2-497F-8050-5BE9D9BA0EE8}.Debug|Any CPU.Build.0 = Debug|Any CPU
		{9434985E-16E2-497F-8050-5BE9D9BA0EE8}.Release|Any CPU.ActiveCfg = Release|Any CPU
		{9434985E-16E2-497F-8050-5BE9D9BA0EE8}.Release|Any CPU.Build.0 = Release|Any CPU
		{0F6F2B08-0351-4895-A3FF-6FE3770F1E98}.Debug|Any CPU.ActiveCfg = Debug|Any CPU
		{0F6F2B08-0351-4895-A3FF-6FE3770F1E98}.Debug|Any CPU.Build.0 = Debug|Any CPU
		{0F6F2B08-0351-4895-A3FF-6FE3770F1E98}.Release|Any CPU.ActiveCfg = Release|Any CPU
		{0F6F2B08-0351-4895-A3FF-6FE3770F1E98}.Release|Any CPU.Build.0 = Release|Any CPU
		{AC66F7A4-0FBA-4690-ABA8-4F500A4698CE}.Debug|Any CPU.ActiveCfg = Debug|Any CPU
		{AC66F7A4-0FBA-4690-ABA8-4F500A4698CE}.Debug|Any CPU.Build.0 = Debug|Any CPU
		{AC66F7A4-0FBA-4690-ABA8-4F500A4698CE}.Release|Any CPU.ActiveCfg = Release|Any CPU
		{AC66F7A4-0FBA-4690-ABA8-4F500A4698CE}.Release|Any CPU.Build.0 = Release|Any CPU
		{915A124C-2A36-43A3-BA27-56EEF7BB67C8}.Debug|Any CPU.ActiveCfg = Debug|Any CPU
		{915A124C-2A36-43A3-BA27-56EEF7BB67C8}.Debug|Any CPU.Build.0 = Debug|Any CPU
		{915A124C-2A36-43A3-BA27-56EEF7BB67C8}.Release|Any CPU.ActiveCfg = Release|Any CPU
		{915A124C-2A36-43A3-BA27-56EEF7BB67C8}.Release|Any CPU.Build.0 = Release|Any CPU
		{F8825439-32B9-40C6-A23D-AFE6D7B255F6}.Debug|Any CPU.ActiveCfg = Debug|Any CPU
		{F8825439-32B9-40C6-A23D-AFE6D7B255F6}.Debug|Any CPU.Build.0 = Debug|Any CPU
		{F8825439-32B9-40C6-A23D-AFE6D7B255F6}.Release|Any CPU.ActiveCfg = Release|Any CPU
		{F8825439-32B9-40C6-A23D-AFE6D7B255F6}.Release|Any CPU.Build.0 = Release|Any CPU
		{8063CB72-6F97-4DC2-8530-F987514381A8}.Debug|Any CPU.ActiveCfg = Debug|Any CPU
		{8063CB72-6F97-4DC2-8530-F987514381A8}.Debug|Any CPU.Build.0 = Debug|Any CPU
		{8063CB72-6F97-4DC2-8530-F987514381A8}.Release|Any CPU.ActiveCfg = Release|Any CPU
		{8063CB72-6F97-4DC2-8530-F987514381A8}.Release|Any CPU.Build.0 = Release|Any CPU
		{7DB5564E-F298-4614-A00B-21312CF33125}.Debug|Any CPU.ActiveCfg = Debug|Any CPU
		{7DB5564E-F298-4614-A00B-21312CF33125}.Debug|Any CPU.Build.0 = Debug|Any CPU
		{7DB5564E-F298-4614-A00B-21312CF33125}.Release|Any CPU.ActiveCfg = Release|Any CPU
		{7DB5564E-F298-4614-A00B-21312CF33125}.Release|Any CPU.Build.0 = Release|Any CPU
	EndGlobalSection
	GlobalSection(SolutionProperties) = preSolution
		HideSolutionNode = FALSE
	EndGlobalSection
EndGlobal
